{
  "name": "plagiarism-detection-root",
  "version": "1.0.0",
  "lockfileVersion": 3,
  "requires": true,
  "packages": {
    "": {
      "name": "plagiarism-detection-root",
      "version": "1.0.0",
      "dependencies": {
        "nodemailer": "^7.0.10"
      },
      "devDependencies": {
        "husky": "^8.0.0"
      }
    },
    "node_modules/husky": {
      "version": "8.0.3",
      "resolved": "https://registry.npmjs.org/husky/-/husky-8.0.3.tgz",
      "integrity": "sha512-+dQSyqPh4x1hlO1swXBiNb2HzTDN1I2IGLQx1GrBuiqFJfoMrnZWwVmatvSiO+Iz8fBUnf+lekwNo4c2LlXItg==",
      "dev": true,
      "license": "MIT",
      "bin": {
        "husky": "lib/bin.js"
      },
      "engines": {
        "node": ">=14"
      },
      "funding": {
        "url": "https://github.com/sponsors/typicode"
      }
    },
    "node_modules/nodemailer": {
      "version": "7.0.10",
      "resolved": "https://registry.npmjs.org/nodemailer/-/nodemailer-7.0.10.tgz",
      "integrity": "sha512-Us/Se1WtT0ylXgNFfyFSx4LElllVLJXQjWi2Xz17xWw7amDKO2MLtFnVp1WACy7GkVGs+oBlRopVNUzlrGSw1w==",
      "license": "MIT-0",
      "engines": {
        "node": ">=6.0.0"
      }
    }
  }
}
